# @generated by Move, please check-in and do not edit manually.

[move]
version = 3
manifest_digest = "86E97E53D97380E3D09FBA02A2938CAB54F7185DA827FCD41E0103495FB05A63"
deps_digest = "F8BBB0CCB2491CA29A3DF03D6F92277A4F3574266507ACD77214D37ECA3F3082"
dependencies = [
  { id = "Sui", name = "Sui" },
]

[[move.package]]
id = "MoveStdlib"
source = { git = "https://github.com/MystenLabs/sui.git", rev = "framework/mainnet", subdir = "crates/sui-framework/packages/move-stdlib" }

[[move.package]]
id = "Sui"
source = { git = "https://github.com/MystenLabs/sui.git", rev = "framework/mainnet", subdir = "crates/sui-framework/packages/sui-framework" }

dependencies = [
  { id = "MoveStdlib", name = "MoveStdlib" },
]

[move.toolchain-version]
compiler-version = "1.62.0"
edition = "2024.beta"
flavor = "sui"

[env]

[env.mainnet]
chain-id = "35834a8a"
original-published-id = "0x99d98c7b0b07b35b4de634d3b427f7c7f2af26c355ba3369f4918790dd568477"
latest-published-id = "0x99d98c7b0b07b35b4de634d3b427f7c7f2af26c355ba3369f4918790dd568477"
published-version = "1"
