# @generated by Move, please check-in and do not edit manually.

[move]
version = 3
manifest_digest = "7037C690FA5A55DD2DD9EE6455E1E3031764DD82F7F8901E059682FA17239196"
deps_digest = "F8BBB0CCB2491CA29A3DF03D6F92277A4F3574266507ACD77214D37ECA3F3082"
dependencies = [
  { id = "Sui", name = "Sui" },
]

[[move.package]]
id = "MoveStdlib"
source = { git = "https://github.com/MystenLabs/sui.git", rev = "framework/testnet", subdir = "crates/sui-framework/packages/move-stdlib" }

[[move.package]]
id = "Sui"
source = { git = "https://github.com/MystenLabs/sui.git", rev = "framework/testnet", subdir = "crates/sui-framework/packages/sui-framework" }

dependencies = [
  { id = "MoveStdlib", name = "MoveStdlib" },
]

[move.toolchain-version]
compiler-version = "1.62.0"
edition = "2024.beta"
flavor = "sui"

[env]

[env.testnet]
chain-id = "4c78adac"
original-published-id = "0xeccad99b98949359cf785c96b9ba00668b59ecfc7cb0613fbc0fe75142736bc0"
latest-published-id = "0xeccad99b98949359cf785c96b9ba00668b59ecfc7cb0613fbc0fe75142736bc0"
published-version = "1"
